
Microsoft Visual Studio Solution File, Format Version 12.00
# Visual Studio Version 17
VisualStudioVersion = 17.6.33712.159
MinimumVisualStudioVersion = 10.0.40219.1
Project("{9A19103F-16F7-4668-BE54-9A1E7A4F7556}") = "Client", "Client\Client.csproj", "{82232F00-8AA4-49B6-AA83-CA33202E23CC}"
EndProject
Project("{9A19103F-16F7-4668-BE54-9A1E7A4F7556}") = "Service", "Service\Service.csproj", "{CDD134CE-19AA-4E41-8221-A6331AA5CC38}"
EndProject
Project("{9A19103F-16F7-4668-BE54-9A1E7A4F7556}") = "Backend", "Backend\Backend.csproj", "{A8B844EA-1414-43A5-BDD5-FD2095DBD8AB}"
EndProject
Project("{9A19103F-16F7-4668-BE54-9A1E7A4F7556}") = "Shared", "Shared\Shared.csproj", "{D4C413EF-1768-4518-83D1-37E6DA4F8100}"
EndProject
Project("{E53339B2-1760-4266-BCC7-CA923CBCF16C}") = "docker-compose", "docker-compose.dcproj", "{04A76B60-4DD4-4197-95A8-CE23CA3DBA01}"
EndProject
Global
	GlobalSection(SolutionConfigurationPlatforms) = preSolution
		Debug|Any CPU = Debug|Any CPU
		Release|Any CPU = Release|Any CPU
	EndGlobalSection
	GlobalSection(ProjectConfigurationPlatforms) = postSolution
		{82232F00-8AA4-49B6-AA83-CA33202E23CC}.Debug|Any CPU.ActiveCfg = Debug|Any CPU
		{82232F00-8AA4-49B6-AA83-CA33202E23CC}.Debug|Any CPU.Build.0 = Debug|Any CPU
		{82232F00-8AA4-49B6-AA83-CA33202E23CC}.Release|Any CPU.ActiveCfg = Release|Any CPU
		{82232F00-8AA4-49B6-AA83-CA33202E23CC}.Release|Any CPU.Build.0 = Release|Any CPU
		{CDD134CE-19AA-4E41-8221-A6331AA5CC38}.Debug|Any CPU.ActiveCfg = Debug|Any CPU
		{CDD134CE-19AA-4E41-8221-A6331AA5CC38}.Debug|Any CPU.Build.0 = Debug|Any CPU
		{CDD134CE-19AA-4E41-8221-A6331AA5CC38}.Release|Any CPU.ActiveCfg = Release|Any CPU
		{CDD134CE-19AA-4E41-8221-A6331AA5CC38}.Release|Any CPU.Build.0 = Release|Any CPU
		{A8B844EA-1414-43A5-BDD5-FD2095DBD8AB}.Debug|Any CPU.ActiveCfg = Debug|Any CPU
		{A8B844EA-1414-43A5-BDD5-FD2095DBD8AB}.Debug|Any CPU.Build.0 = Debug|Any CPU
		{A8B844EA-1414-43A5-BDD5-FD2095DBD8AB}.Release|Any CPU.ActiveCfg = Release|Any CPU
		{A8B844EA-1414-43A5-BDD5-FD2095DBD8AB}.Release|Any CPU.Build.0 = Release|Any CPU
		{D4C413EF-1768-4518-83D1-37E6DA4F8100}.Debug|Any CPU.ActiveCfg = Debug|Any CPU
		{D4C413EF-1768-4518-83D1-37E6DA4F8100}.Debug|Any CPU.Build.0 = Debug|Any CPU
		{D4C413EF-1768-4518-83D1-37E6DA4F8100}.Release|Any CPU.ActiveCfg = Release|Any CPU
		{D4C413EF-1768-4518-83D1-37E6DA4F8100}.Release|Any CPU.Build.0 = Release|Any CPU
		{04A76B60-4DD4-4197-95A8-CE23CA3DBA01}.Debug|Any CPU.ActiveCfg = Debug|Any CPU
		{04A76B60-4DD4-4197-95A8-CE23CA3DBA01}.Debug|Any CPU.Build.0 = Debug|Any CPU
		{04A76B60-4DD4-4197-95A8-CE23CA3DBA01}.Release|Any CPU.ActiveCfg = Release|Any CPU
		{04A76B60-4DD4-4197-95A8-CE23CA3DBA01}.Release|Any CPU.Build.0 = Release|Any CPU
	EndGlobalSection
	GlobalSection(SolutionProperties) = preSolution
		HideSolutionNode = FALSE
	EndGlobalSection
	GlobalSection(ExtensibilityGlobals) = postSolution
		SolutionGuid = {58FE7CAE-EAEB-49CF-873A-2BFB4BAD4CC3}
	EndGlobalSection
EndGlobal
